
Microsoft Visual Studio Solution File, Format Version 12.00
Project("{FAE04EC0-301F-11D3-BF4B-00C04F79EFBC}") = "TodoApp", "TodoApp\TodoApp.csproj", "{156ACE96-3BC0-48EC-A69D-4FD3DDE04EB4}"
EndProject
Global
	GlobalSection(SolutionConfigurationPlatforms) = preSolution
		Debug|Any CPU = Debug|Any CPU
		Release|Any CPU = Release|Any CPU
	EndGlobalSection
	GlobalSection(ProjectConfigurationPlatforms) = postSolution
		{156ACE96-3BC0-48EC-A69D-4FD3DDE04EB4}.Debug|Any CPU.ActiveCfg = Debug|Any CPU
		{156ACE96-3BC0-48EC-A69D-4FD3DDE04EB4}.Debug|Any CPU.Build.0 = Debug|Any CPU
		{156ACE96-3BC0-48EC-A69D-4FD3DDE04EB4}.Release|Any CPU.ActiveCfg = Release|Any CPU
		{156ACE96-3BC0-48EC-A69D-4FD3DDE04EB4}.Release|Any CPU.Build.0 = Release|Any CPU
	EndGlobalSection
EndGlobal
